
Microsoft Visual Studio Solution File, Format Version 12.00
# Visual Studio 2012
Project("{8BC9CEB8-8B4A-11D0-8D11-00A0C91BC942}") = "Telnet", "Telnet\Telnet.vcxproj", "{BABE7E65-0EEC-481C-BE8F-BE753EB215FC}"
EndProject
Global
	GlobalSection(SolutionConfigurationPlatforms) = preSolution
		Debug|Win32 = Debug|Win32
		Release|Win32 = Release|Win32
	EndGlobalSection
	GlobalSection(ProjectConfigurationPlatforms) = postSolution
		{BABE7E65-0EEC-481C-BE8F-BE753EB215FC}.Debug|Win32.ActiveCfg = Debug|Win32
		{BABE7E65-0EEC-481C-BE8F-BE753EB215FC}.Debug|Win32.Build.0 = Debug|Win32
		{BABE7E65-0EEC-481C-BE8F-BE753EB215FC}.Release|Win32.ActiveCfg = Release|Win32
		{BABE7E65-0EEC-481C-BE8F-BE753EB215FC}.Release|Win32.Build.0 = Release|Win32
	EndGlobalSection
	GlobalSection(SolutionProperties) = preSolution
		HideSolutionNode = FALSE
	EndGlobalSection
EndGlobal
